
Microsoft Visual Studio Solution File, Format Version 12.00
# Visual Studio Version 17
VisualStudioVersion = 17.9.34728.123
MinimumVisualStudioVersion = 10.0.40219.1
Project("{FAE04EC0-301F-11D3-BF4B-00C04F79EFBC}") = "KickerEloBackend", "KickerEloBackend\KickerEloBackend.csproj", "{CC67CC76-379B-4524-A7FF-5E38D8D309AB}"
EndProject
Global
	GlobalSection(SolutionConfigurationPlatforms) = preSolution
		Debug|Any CPU = Debug|Any CPU
		Release|Any CPU = Release|Any CPU
	EndGlobalSection
	GlobalSection(ProjectConfigurationPlatforms) = postSolution
		{CC67CC76-379B-4524-A7FF-5E38D8D309AB}.Debug|Any CPU.ActiveCfg = Debug|Any CPU
		{CC67CC76-379B-4524-A7FF-5E38D8D309AB}.Debug|Any CPU.Build.0 = Debug|Any CPU
		{CC67CC76-379B-4524-A7FF-5E38D8D309AB}.Release|Any CPU.ActiveCfg = Release|Any CPU
		{CC67CC76-379B-4524-A7FF-5E38D8D309AB}.Release|Any CPU.Build.0 = Release|Any CPU
	EndGlobalSection
	GlobalSection(SolutionProperties) = preSolution
		HideSolutionNode = FALSE
	EndGlobalSection
	GlobalSection(ExtensibilityGlobals) = postSolution
		SolutionGuid = {53BA4A8F-C9D5-4292-A62B-5A7AE0ACE97D}
	EndGlobalSection
EndGlobal
